
Microsoft Visual Studio Solution File, Format Version 12.00
# Visual Studio Version 16
VisualStudioVersion = 16.0.30907.101
MinimumVisualStudioVersion = 10.0.40219.1
Project("{FAE04EC0-301F-11D3-BF4B-00C04F79EFBC}") = "UserRegistrationLambda", "UserRegistrationLambda\UserRegistrationLambda.csproj", "{9E3B9E86-184F-46DE-8A9C-5C6C3A627DED}"
EndProject
Project("{FAE04EC0-301F-11D3-BF4B-00C04F79EFBC}") = "NUnitTestProject", "NUnitTestProject\NUnitTestProject.csproj", "{8EA2162F-B8EE-4E9D-B765-FAB628720A64}"
EndProject
Global
	GlobalSection(SolutionConfigurationPlatforms) = preSolution
		Debug|Any CPU = Debug|Any CPU
		Release|Any CPU = Release|Any CPU
	EndGlobalSection
	GlobalSection(ProjectConfigurationPlatforms) = postSolution
		{9E3B9E86-184F-46DE-8A9C-5C6C3A627DED}.Debug|Any CPU.ActiveCfg = Debug|Any CPU
		{9E3B9E86-184F-46DE-8A9C-5C6C3A627DED}.Debug|Any CPU.Build.0 = Debug|Any CPU
		{9E3B9E86-184F-46DE-8A9C-5C6C3A627DED}.Release|Any CPU.ActiveCfg = Release|Any CPU
		{9E3B9E86-184F-46DE-8A9C-5C6C3A627DED}.Release|Any CPU.Build.0 = Release|Any CPU
		{8EA2162F-B8EE-4E9D-B765-FAB628720A64}.Debug|Any CPU.ActiveCfg = Debug|Any CPU
		{8EA2162F-B8EE-4E9D-B765-FAB628720A64}.Debug|Any CPU.Build.0 = Debug|Any CPU
		{8EA2162F-B8EE-4E9D-B765-FAB628720A64}.Release|Any CPU.ActiveCfg = Release|Any CPU
		{8EA2162F-B8EE-4E9D-B765-FAB628720A64}.Release|Any CPU.Build.0 = Release|Any CPU
	EndGlobalSection
	GlobalSection(SolutionProperties) = preSolution
		HideSolutionNode = FALSE
	EndGlobalSection
	GlobalSection(ExtensibilityGlobals) = postSolution
		SolutionGuid = {EF557BED-53A4-4C7B-AA25-5B6688E7EAC5}
	EndGlobalSection
EndGlobal
